
Microsoft Visual Studio Solution File, Format Version 12.00
# Visual Studio 15
VisualStudioVersion = 15.0.28010.2019
MinimumVisualStudioVersion = 10.0.40219.1
Project("{FAE04EC0-301F-11D3-BF4B-00C04F79EFBC}") = "dataGeneratorProgramm", "dataGeneratorProgramm\dataGeneratorProgramm.csproj", "{812EC564-B5FB-4BA8-8C1A-ED4C67CEFC66}"
EndProject
Global
	GlobalSection(SolutionConfigurationPlatforms) = preSolution
		Debug|Any CPU = Debug|Any CPU
		Release|Any CPU = Release|Any CPU
	EndGlobalSection
	GlobalSection(ProjectConfigurationPlatforms) = postSolution
		{812EC564-B5FB-4BA8-8C1A-ED4C67CEFC66}.Debug|Any CPU.ActiveCfg = Debug|Any CPU
		{812EC564-B5FB-4BA8-8C1A-ED4C67CEFC66}.Debug|Any CPU.Build.0 = Debug|Any CPU
		{812EC564-B5FB-4BA8-8C1A-ED4C67CEFC66}.Release|Any CPU.ActiveCfg = Release|Any CPU
		{812EC564-B5FB-4BA8-8C1A-ED4C67CEFC66}.Release|Any CPU.Build.0 = Release|Any CPU
	EndGlobalSection
	GlobalSection(SolutionProperties) = preSolution
		HideSolutionNode = FALSE
	EndGlobalSection
	GlobalSection(ExtensibilityGlobals) = postSolution
		SolutionGuid = {01DC3D06-3BF4-470D-AE38-78723AF06026}
	EndGlobalSection
EndGlobal
